// !$*UTF8*$!
{
	archiveVersion = 1;
	classes = {
	};
	objectVersion = 50;
	objects = {

/* Begin PBXBuildFile section */
		2CB80B15EFCB7E40F26D32C5 /* Pods_OctavaTests.framework in Frameworks */ = {isa = PBXBuildFile; fileRef = EB555C2F5F781593A99D6274 /* Pods_OctavaTests.framework */; };
		48EF4DD0C569A056938EBC46 /* Pods_OctavaUITests.framework in Frameworks */ = {isa = PBXBuildFile; fileRef = 6E46A1DBBB58E78FE46A1972 /* Pods_OctavaUITests.framework */; };
		8D33ECAD225D4F88009E6FE2 /* AppDelegate.swift in Sources */ = {isa = PBXBuildFile; fileRef = 8D33ECAC225D4F88009E6FE2 /* AppDelegate.swift */; };
		8D33ECAF225D4F88009E6FE2 /* ViewController.swift in Sources */ = {isa = PBXBuildFile; fileRef = 8D33ECAE225D4F88009E6FE2 /* ViewController.swift */; };
		8D33ECB5225D4F88009E6FE2 /* Octava.xcdatamodeld in Sources */ = {isa = PBXBuildFile; fileRef = 8D33ECB3225D4F88009E6FE2 /* Octava.xcdatamodeld */; };
		8D33ECB7225D4F89009E6FE2 /* Assets.xcassets in Resources */ = {isa = PBXBuildFile; fileRef = 8D33ECB6225D4F89009E6FE2 /* Assets.xcassets */; };
		8D33ECC5225D4F89009E6FE2 /* OctavaTests.swift in Sources */ = {isa = PBXBuildFile; fileRef = 8D33ECC4225D4F89009E6FE2 /* OctavaTests.swift */; };
		8D33ECD0225D4F89009E6FE2 /* OctavaUITests.swift in Sources */ = {isa = PBXBuildFile; fileRef = 8D33ECCF225D4F89009E6FE2 /* OctavaUITests.swift */; };
		8D33ECE2225D5AD3009E6FE2 /* GoogleService-Info.plist in Resources */ = {isa = PBXBuildFile; fileRef = 8D33ECE1225D5AD3009E6FE2 /* GoogleService-Info.plist */; };
		8D33ECE3225D5AD3009E6FE2 /* GoogleService-Info.plist in Resources */ = {isa = PBXBuildFile; fileRef = 8D33ECE1225D5AD3009E6FE2 /* GoogleService-Info.plist */; };
		8D33ECE4225D5AD3009E6FE2 /* GoogleService-Info.plist in Resources */ = {isa = PBXBuildFile; fileRef = 8D33ECE1225D5AD3009E6FE2 /* GoogleService-Info.plist */; };
		8D33ECE8225D5BDF009E6FE2 /* CloudKit.framework in Frameworks */ = {isa = PBXBuildFile; fileRef = 8D33ECE7225D5BDF009E6FE2 /* CloudKit.framework */; };
		8D33ECEA225D68EC009E6FE2 /* Launch Screen.storyboard in Resources */ = {isa = PBXBuildFile; fileRef = 8D33ECE9225D68EC009E6FE2 /* Launch Screen.storyboard */; };
		8D33ECEB225D68EC009E6FE2 /* Launch Screen.storyboard in Resources */ = {isa = PBXBuildFile; fileRef = 8D33ECE9225D68EC009E6FE2 /* Launch Screen.storyboard */; };
		8D33ECEC225D68EC009E6FE2 /* Launch Screen.storyboard in Resources */ = {isa = PBXBuildFile; fileRef = 8D33ECE9225D68EC009E6FE2 /* Launch Screen.storyboard */; };
		8D33ECEE225D699D009E6FE2 /* Main.storyboard in Resources */ = {isa = PBXBuildFile; fileRef = 8D33ECED225D699D009E6FE2 /* Main.storyboard */; };
		8D33ECEF225D699D009E6FE2 /* Main.storyboard in Resources */ = {isa = PBXBuildFile; fileRef = 8D33ECED225D699D009E6FE2 /* Main.storyboard */; };
		8D33ECF0225D699D009E6FE2 /* Main.storyboard in Resources */ = {isa = PBXBuildFile; fileRef = 8D33ECED225D699D009E6FE2 /* Main.storyboard */; };
		E3F2FD50946B7DE27891B518 /* Pods_Octava.framework in Frameworks */ = {isa = PBXBuildFile; fileRef = 548B24BD6CE45AC1D9493CB7 /* Pods_Octava.framework */; };
/* End PBXBuildFile section */

/* Begin PBXContainerItemProxy section */
		8D33ECC1225D4F89009E6FE2 /* PBXContainerItemProxy */ = {
			isa = PBXContainerItemProxy;
			containerPortal = 8D33ECA1225D4F88009E6FE2 /* Project object */;
			proxyType = 1;
			remoteGlobalIDString = 8D33ECA8225D4F88009E6FE2;
			remoteInfo = Octava;
		};
		8D33ECCC225D4F89009E6FE2 /* PBXContainerItemProxy */ = {
			isa = PBXContainerItemProxy;
			containerPortal = 8D33ECA1225D4F88009E6FE2 /* Project object */;
			proxyType = 1;
			remoteGlobalIDString = 8D33ECA8225D4F88009E6FE2;
			remoteInfo = Octava;
		};
/* End PBXContainerItemProxy section */

/* Begin PBXFileReference section */
		3E5EB0BAE2E94476E9BC1AF9 /* Pods-OctavaTests.debug.xcconfig */ = {isa = PBXFileReference; includeInIndex = 1; lastKnownFileType = text.xcconfig; name = "Pods-OctavaTests.debug.xcconfig"; path = "Target Support Files/Pods-OctavaTests/Pods-OctavaTests.debug.xcconfig"; sourceTree = "<group>"; };
		548B24BD6CE45AC1D9493CB7 /* Pods_Octava.framework */ = {isa = PBXFileReference; explicitFileType = wrapper.framework; includeInIndex = 0; path = Pods_Octava.framework; sourceTree = BUILT_PRODUCTS_DIR; };
		6E46A1DBBB58E78FE46A1972 /* Pods_OctavaUITests.framework */ = {isa = PBXFileReference; explicitFileType = wrapper.framework; includeInIndex = 0; path = Pods_OctavaUITests.framework; sourceTree = BUILT_PRODUCTS_DIR; };
		8203293BC7C9345C288C8E42 /* Pods-Octava.debug.xcconfig */ = {isa = PBXFileReference; includeInIndex = 1; lastKnownFileType = text.xcconfig; name = "Pods-Octava.debug.xcconfig"; path = "Target Support Files/Pods-Octava/Pods-Octava.debug.xcconfig"; sourceTree = "<group>"; };
		8D33ECA9225D4F88009E6FE2 /* Octava.app */ = {isa = PBXFileReference; explicitFileType = wrapper.application; includeInIndex = 0; path = Octava.app; sourceTree = BUILT_PRODUCTS_DIR; };
		8D33ECAC225D4F88009E6FE2 /* AppDelegate.swift */ = {isa = PBXFileReference; lastKnownFileType = sourcecode.swift; path = AppDelegate.swift; sourceTree = "<group>"; };
		8D33ECAE225D4F88009E6FE2 /* ViewController.swift */ = {isa = PBXFileReference; lastKnownFileType = sourcecode.swift; path = ViewController.swift; sourceTree = "<group>"; };
		8D33ECB4225D4F88009E6FE2 /* Octava.xcdatamodel */ = {isa = PBXFileReference; lastKnownFileType = wrapper.xcdatamodel; path = Octava.xcdatamodel; sourceTree = "<group>"; };
		8D33ECB6225D4F89009E6FE2 /* Assets.xcassets */ = {isa = PBXFileReference; lastKnownFileType = folder.assetcatalog; path = Assets.xcassets; sourceTree = "<group>"; };
		8D33ECBB225D4F89009E6FE2 /* Info.plist */ = {isa = PBXFileReference; lastKnownFileType = text.plist.xml; path = Info.plist; sourceTree = "<group>"; };
		8D33ECC0225D4F89009E6FE2 /* OctavaTests.xctest */ = {isa = PBXFileReference; explicitFileType = wrapper.cfbundle; includeInIndex = 0; path = OctavaTests.xctest; sourceTree = BUILT_PRODUCTS_DIR; };
		8D33ECC4225D4F89009E6FE2 /* OctavaTests.swift */ = {isa = PBXFileReference; lastKnownFileType = sourcecode.swift; path = OctavaTests.swift; sourceTree = "<group>"; };
		8D33ECC6225D4F89009E6FE2 /* Info.plist */ = {isa = PBXFileReference; lastKnownFileType = text.plist.xml; path = Info.plist; sourceTree = "<group>"; };
		8D33ECCB225D4F89009E6FE2 /* OctavaUITests.xctest */ = {isa = PBXFileReference; explicitFileType = wrapper.cfbundle; includeInIndex = 0; path = OctavaUITests.xctest; sourceTree = BUILT_PRODUCTS_DIR; };
		8D33ECCF225D4F89009E6FE2 /* OctavaUITests.swift */ = {isa = PBXFileReference; lastKnownFileType = sourcecode.swift; path = OctavaUITests.swift; sourceTree = "<group>"; };
		8D33ECD1225D4F89009E6FE2 /* Info.plist */ = {isa = PBXFileReference; lastKnownFileType = text.plist.xml; path = Info.plist; sourceTree = "<group>"; };
		8D33ECE1225D5AD3009E6FE2 /* GoogleService-Info.plist */ = {isa = PBXFileReference; fileEncoding = 4; lastKnownFileType = text.plist.xml; path = "GoogleService-Info.plist"; sourceTree = "<group>"; };
		8D33ECE5225D5BDC009E6FE2 /* Octava.entitlements */ = {isa = PBXFileReference; lastKnownFileType = text.plist.entitlements; path = Octava.entitlements; sourceTree = "<group>"; };
		8D33ECE7225D5BDF009E6FE2 /* CloudKit.framework */ = {isa = PBXFileReference; lastKnownFileType = wrapper.framework; name = CloudKit.framework; path = System/Library/Frameworks/CloudKit.framework; sourceTree = SDKROOT; };
		8D33ECE9225D68EC009E6FE2 /* Launch Screen.storyboard */ = {isa = PBXFileReference; lastKnownFileType = file.storyboard; path = "Launch Screen.storyboard"; sourceTree = "<group>"; };
		8D33ECED225D699D009E6FE2 /* Main.storyboard */ = {isa = PBXFileReference; lastKnownFileType = file.storyboard; path = Main.storyboard; sourceTree = "<group>"; };
		E2D0295C6271502F4C966495 /* Pods-OctavaUITests.release.xcconfig */ = {isa = PBXFileReference; includeInIndex = 1; lastKnownFileType = text.xcconfig; name = "Pods-OctavaUITests.release.xcconfig"; path = "Target Support Files/Pods-OctavaUITests/Pods-OctavaUITests.release.xcconfig"; sourceTree = "<group>"; };
		E81B938C115162CE80C63698 /* Pods-OctavaTests.release.xcconfig */ = {isa = PBXFileReference; includeInIndex = 1; lastKnownFileType = text.xcconfig; name = "Pods-OctavaTests.release.xcconfig"; path = "Target Support Files/Pods-OctavaTests/Pods-OctavaTests.release.xcconfig"; sourceTree = "<group>"; };
		EB555C2F5F781593A99D6274 /* Pods_OctavaTests.framework */ = {isa = PBXFileReference; explicitFileType = wrapper.framework; includeInIndex = 0; path = Pods_OctavaTests.framework; sourceTree = BUILT_PRODUCTS_DIR; };
		EBF4278094E0F386AD492D0B /* Pods-OctavaUITests.debug.xcconfig */ = {isa = PBXFileReference; includeInIndex = 1; lastKnownFileType = text.xcconfig; name = "Pods-OctavaUITests.debug.xcconfig"; path = "Target Support Files/Pods-OctavaUITests/Pods-OctavaUITests.debug.xcconfig"; sourceTree = "<group>"; };
		F8D155A323ACD477900F1BFB /* Pods-Octava.release.xcconfig */ = {isa = PBXFileReference; includeInIndex = 1; lastKnownFileType = text.xcconfig; name = "Pods-Octava.release.xcconfig"; path = "Target Support Files/Pods-Octava/Pods-Octava.release.xcconfig"; sourceTree = "<group>"; };
/* End PBXFileReference section */

/* Begin PBXFrameworksBuildPhase section */
		8D33ECA6225D4F88009E6FE2 /* Frameworks */ = {
			isa = PBXFrameworksBuildPhase;
			buildActionMask = 2147483647;
			files = (
				8D33ECE8225D5BDF009E6FE2 /* CloudKit.framework in Frameworks */,
				E3F2FD50946B7DE27891B518 /* Pods_Octava.framework in Frameworks */,
			);
			runOnlyForDeploymentPostprocessing = 0;
		};
		8D33ECBD225D4F89009E6FE2 /* Frameworks */ = {
			isa = PBXFrameworksBuildPhase;
			buildActionMask = 2147483647;
			files = (
				2CB80B15EFCB7E40F26D32C5 /* Pods_OctavaTests.framework in Frameworks */,
			);
			runOnlyForDeploymentPostprocessing = 0;
		};
		8D33ECC8225D4F89009E6FE2 /* Frameworks */ = {
			isa = PBXFrameworksBuildPhase;
			buildActionMask = 2147483647;
			files = (
				48EF4DD0C569A056938EBC46 /* Pods_OctavaUITests.framework in Frameworks */,
			);
			runOnlyForDeploymentPostprocessing = 0;
		};
/* End PBXFrameworksBuildPhase section */

/* Begin PBXGroup section */
		1089A3EADBD048646E35F6DD /* Pods */ = {
			isa = PBXGroup;
			children = (
				8203293BC7C9345C288C8E42 /* Pods-Octava.debug.xcconfig */,
				F8D155A323ACD477900F1BFB /* Pods-Octava.release.xcconfig */,
				3E5EB0BAE2E94476E9BC1AF9 /* Pods-OctavaTests.debug.xcconfig */,
				E81B938C115162CE80C63698 /* Pods-OctavaTests.release.xcconfig */,
				EBF4278094E0F386AD492D0B /* Pods-OctavaUITests.debug.xcconfig */,
				E2D0295C6271502F4C966495 /* Pods-OctavaUITests.release.xcconfig */,
			);
			path = Pods;
			sourceTree = "<group>";
		};
		8D33ECA0225D4F88009E6FE2 = {
			isa = PBXGroup;
			children = (
				8D33ECAB225D4F88009E6FE2 /* Octava */,
				8D33ECC3225D4F89009E6FE2 /* OctavaTests */,
				8D33ECCE225D4F89009E6FE2 /* OctavaUITests */,
				8D33ECAA225D4F88009E6FE2 /* Products */,
				8D33ECE6225D5BDF009E6FE2 /* Frameworks */,
				1089A3EADBD048646E35F6DD /* Pods */,
			);
			sourceTree = "<group>";
		};
		8D33ECAA225D4F88009E6FE2 /* Products */ = {
			isa = PBXGroup;
			children = (
				8D33ECA9225D4F88009E6FE2 /* Octava.app */,
				8D33ECC0225D4F89009E6FE2 /* OctavaTests.xctest */,
				8D33ECCB225D4F89009E6FE2 /* OctavaUITests.xctest */,
			);
			name = Products;
			sourceTree = "<group>";
		};
		8D33ECAB225D4F88009E6FE2 /* Octava */ = {
			isa = PBXGroup;
			children = (
				8D33ECED225D699D009E6FE2 /* Main.storyboard */,
				8D33ECE5225D5BDC009E6FE2 /* Octava.entitlements */,
				8D33ECAC225D4F88009E6FE2 /* AppDelegate.swift */,
				8D33ECAE225D4F88009E6FE2 /* ViewController.swift */,
				8D33ECE9225D68EC009E6FE2 /* Launch Screen.storyboard */,
				8D33ECB6225D4F89009E6FE2 /* Assets.xcassets */,
				8D33ECBB225D4F89009E6FE2 /* Info.plist */,
				8D33ECB3225D4F88009E6FE2 /* Octava.xcdatamodeld */,
				8D33ECE1225D5AD3009E6FE2 /* GoogleService-Info.plist */,
			);
			path = Octava;
			sourceTree = "<group>";
		};
		8D33ECC3225D4F89009E6FE2 /* OctavaTests */ = {
			isa = PBXGroup;
			children = (
				8D33ECC4225D4F89009E6FE2 /* OctavaTests.swift */,
				8D33ECC6225D4F89009E6FE2 /* Info.plist */,
			);
			path = OctavaTests;
			sourceTree = "<group>";
		};
		8D33ECCE225D4F89009E6FE2 /* OctavaUITests */ = {
			isa = PBXGroup;
			children = (
				8D33ECCF225D4F89009E6FE2 /* OctavaUITests.swift */,
				8D33ECD1225D4F89009E6FE2 /* Info.plist */,
			);
			path = OctavaUITests;
			sourceTree = "<group>";
		};
		8D33ECE6225D5BDF009E6FE2 /* Frameworks */ = {
			isa = PBXGroup;
			children = (
				8D33ECE7225D5BDF009E6FE2 /* CloudKit.framework */,
				548B24BD6CE45AC1D9493CB7 /* Pods_Octava.framework */,
				EB555C2F5F781593A99D6274 /* Pods_OctavaTests.framework */,
				6E46A1DBBB58E78FE46A1972 /* Pods_OctavaUITests.framework */,
			);
			name = Frameworks;
			sourceTree = "<group>";
		};
/* End PBXGroup section */

/* Begin PBXNativeTarget section */
		8D33ECA8225D4F88009E6FE2 /* Octava */ = {
			isa = PBXNativeTarget;
			buildConfigurationList = 8D33ECD4225D4F89009E6FE2 /* Build configuration list for PBXNativeTarget "Octava" */;
			buildPhases = (
				15FED972D895876F80314589 /* [CP] Check Pods Manifest.lock */,
				8D33ECA5225D4F88009E6FE2 /* Sources */,
				8D33ECA6225D4F88009E6FE2 /* Frameworks */,
				8D33ECA7225D4F88009E6FE2 /* Resources */,
				9C2DB7FBAB7121EC21BFED26 /* [CP] Embed Pods Frameworks */,
			);
			buildRules = (
			);
			dependencies = (
			);
			name = Octava;
			productName = Octava;
			productReference = 8D33ECA9225D4F88009E6FE2 /* Octava.app */;
			productType = "com.apple.product-type.application";
		};
		8D33ECBF225D4F89009E6FE2 /* OctavaTests */ = {
			isa = PBXNativeTarget;
			buildConfigurationList = 8D33ECD7225D4F89009E6FE2 /* Build configuration list for PBXNativeTarget "OctavaTests" */;
			buildPhases = (
				AC33DABA80C4CF58948672E8 /* [CP] Check Pods Manifest.lock */,
				8D33ECBC225D4F89009E6FE2 /* Sources */,
				8D33ECBD225D4F89009E6FE2 /* Frameworks */,
				8D33ECBE225D4F89009E6FE2 /* Resources */,
			);
			buildRules = (
			);
			dependencies = (
				8D33ECC2225D4F89009E6FE2 /* PBXTargetDependency */,
			);
			name = OctavaTests;
			productName = OctavaTests;
			productReference = 8D33ECC0225D4F89009E6FE2 /* OctavaTests.xctest */;
			productType = "com.apple.product-type.bundle.unit-test";
		};
		8D33ECCA225D4F89009E6FE2 /* OctavaUITests */ = {
			isa = PBXNativeTarget;
			buildConfigurationList = 8D33ECDA225D4F89009E6FE2 /* Build configuration list for PBXNativeTarget "OctavaUITests" */;
			buildPhases = (
				15F66B087E46CBFBC82C5B3C /* [CP] Check Pods Manifest.lock */,
				8D33ECC7225D4F89009E6FE2 /* Sources */,
				8D33ECC8225D4F89009E6FE2 /* Frameworks */,
				8D33ECC9225D4F89009E6FE2 /* Resources */,
			);
			buildRules = (
			);
			dependencies = (
				8D33ECCD225D4F89009E6FE2 /* PBXTargetDependency */,
			);
			name = OctavaUITests;
			productName = OctavaUITests;
			productReference = 8D33ECCB225D4F89009E6FE2 /* OctavaUITests.xctest */;
			productType = "com.apple.product-type.bundle.ui-testing";
		};
/* End PBXNativeTarget section */

/* Begin PBXProject section */
		8D33ECA1225D4F88009E6FE2 /* Project object */ = {
			isa = PBXProject;
			attributes = {
				LastSwiftUpdateCheck = 1020;
				LastUpgradeCheck = 1020;
				ORGANIZATIONNAME = "Carlos Leniz";
				TargetAttributes = {
					8D33ECA8225D4F88009E6FE2 = {
						CreatedOnToolsVersion = 10.2;
						SystemCapabilities = {
							com.apple.Push = {
								enabled = 1;
							};
							com.apple.iCloud = {
								enabled = 1;
							};
						};
					};
					8D33ECBF225D4F89009E6FE2 = {
						CreatedOnToolsVersion = 10.2;
						TestTargetID = 8D33ECA8225D4F88009E6FE2;
					};
					8D33ECCA225D4F89009E6FE2 = {
						CreatedOnToolsVersion = 10.2;
						TestTargetID = 8D33ECA8225D4F88009E6FE2;
					};
				};
			};
			buildConfigurationList = 8D33ECA4225D4F88009E6FE2 /* Build configuration list for PBXProject "Octava" */;
			compatibilityVersion = "Xcode 9.3";
			developmentRegion = en;
			hasScannedForEncodings = 0;
			knownRegions = (
				en,
				Base,
			);
			mainGroup = 8D33ECA0225D4F88009E6FE2;
			productRefGroup = 8D33ECAA225D4F88009E6FE2 /* Products */;
			projectDirPath = "";
			projectRoot = "";
			targets = (
				8D33ECA8225D4F88009E6FE2 /* Octava */,
				8D33ECBF225D4F89009E6FE2 /* OctavaTests */,
				8D33ECCA225D4F89009E6FE2 /* OctavaUITests */,
			);
		};
/* End PBXProject section */

/* Begin PBXResourcesBuildPhase section */
		8D33ECA7225D4F88009E6FE2 /* Resources */ = {
			isa = PBXResourcesBuildPhase;
			buildActionMask = 2147483647;
			files = (
				8D33ECE2225D5AD3009E6FE2 /* GoogleService-Info.plist in Resources */,
				8D33ECEE225D699D009E6FE2 /* Main.storyboard in Resources */,
				8D33ECB7225D4F89009E6FE2 /* Assets.xcassets in Resources */,
				8D33ECEA225D68EC009E6FE2 /* Launch Screen.storyboard in Resources */,
			);
			runOnlyForDeploymentPostprocessing = 0;
		};
		8D33ECBE225D4F89009E6FE2 /* Resources */ = {
			isa = PBXResourcesBuildPhase;
			buildActionMask = 2147483647;
			files = (
				8D33ECEB225D68EC009E6FE2 /* Launch Screen.storyboard in Resources */,
				8D33ECE3225D5AD3009E6FE2 /* GoogleService-Info.plist in Resources */,
				8D33ECEF225D699D009E6FE2 /* Main.storyboard in Resources */,
			);
			runOnlyForDeploymentPostprocessing = 0;
		};
		8D33ECC9225D4F89009E6FE2 /* Resources */ = {
			isa = PBXResourcesBuildPhase;
			buildActionMask = 2147483647;
			files = (
				8D33ECEC225D68EC009E6FE2 /* Launch Screen.storyboard in Resources */,
				8D33ECE4225D5AD3009E6FE2 /* GoogleService-Info.plist in Resources */,
				8D33ECF0225D699D009E6FE2 /* Main.storyboard in Resources */,
			);
			runOnlyForDeploymentPostprocessing = 0;
		};
/* End PBXResourcesBuildPhase section */

/* Begin PBXShellScriptBuildPhase section */
		15F66B087E46CBFBC82C5B3C /* [CP] Check Pods Manifest.lock */ = {
			isa = PBXShellScriptBuildPhase;
			buildActionMask = 2147483647;
			files = (
			);
			inputFileListPaths = (
			);
			inputPaths = (
				"${PODS_PODFILE_DIR_PATH}/Podfile.lock",
				"${PODS_ROOT}/Manifest.lock",
			);
			name = "[CP] Check Pods Manifest.lock";
			outputFileListPaths = (
			);
			outputPaths = (
				"$(DERIVED_FILE_DIR)/Pods-OctavaUITests-checkManifestLockResult.txt",
			);
			runOnlyForDeploymentPostprocessing = 0;
			shellPath = /bin/sh;
			shellScript = "diff \"${PODS_PODFILE_DIR_PATH}/Podfile.lock\" \"${PODS_ROOT}/Manifest.lock\" > /dev/null\nif [ $? != 0 ] ; then\n    # print error to STDERR\n    echo \"error: The sandbox is not in sync with the Podfile.lock. Run 'pod install' or update your CocoaPods installation.\" >&2\n    exit 1\nfi\n# This output is used by Xcode 'outputs' to avoid re-running this script phase.\necho \"SUCCESS\" > \"${SCRIPT_OUTPUT_FILE_0}\"\n";
			showEnvVarsInLog = 0;
		};
		15FED972D895876F80314589 /* [CP] Check Pods Manifest.lock */ = {
			isa = PBXShellScriptBuildPhase;
			buildActionMask = 2147483647;
			files = (
			);
			inputFileListPaths = (
			);
			inputPaths = (
				"${PODS_PODFILE_DIR_PATH}/Podfile.lock",
				"${PODS_ROOT}/Manifest.lock",
			);
			name = "[CP] Check Pods Manifest.lock";
			outputFileListPaths = (
			);
			outputPaths = (
				"$(DERIVED_FILE_DIR)/Pods-Octava-checkManifestLockResult.txt",
			);
			runOnlyForDeploymentPostprocessing = 0;
			shellPath = /bin/sh;
			shellScript = "diff \"${PODS_PODFILE_DIR_PATH}/Podfile.lock\" \"${PODS_ROOT}/Manifest.lock\" > /dev/null\nif [ $? != 0 ] ; then\n    # print error to STDERR\n    echo \"error: The sandbox is not in sync with the Podfile.lock. Run 'pod install' or update your CocoaPods installation.\" >&2\n    exit 1\nfi\n# This output is used by Xcode 'outputs' to avoid re-running this script phase.\necho \"SUCCESS\" > \"${SCRIPT_OUTPUT_FILE_0}\"\n";
			showEnvVarsInLog = 0;
		};
		9C2DB7FBAB7121EC21BFED26 /* [CP] Embed Pods Frameworks */ = {
			isa = PBXShellScriptBuildPhase;
			buildActionMask = 2147483647;
			files = (
			);
			inputFileListPaths = (
			);
			inputPaths = (
				"${PODS_ROOT}/Target Support Files/Pods-Octava/Pods-Octava-frameworks.sh",
				"${BUILT_PRODUCTS_DIR}/GoogleUtilities/GoogleUtilities.framework",
				"${BUILT_PRODUCTS_DIR}/nanopb/nanopb.framework",
			);
			name = "[CP] Embed Pods Frameworks";
			outputFileListPaths = (
			);
			outputPaths = (
				"${TARGET_BUILD_DIR}/${FRAMEWORKS_FOLDER_PATH}/GoogleUtilities.framework",
				"${TARGET_BUILD_DIR}/${FRAMEWORKS_FOLDER_PATH}/nanopb.framework",
			);
			runOnlyForDeploymentPostprocessing = 0;
			shellPath = /bin/sh;
			shellScript = "\"${PODS_ROOT}/Target Support Files/Pods-Octava/Pods-Octava-frameworks.sh\"\n";
			showEnvVarsInLog = 0;
		};
		AC33DABA80C4CF58948672E8 /* [CP] Check Pods Manifest.lock */ = {
			isa = PBXShellScriptBuildPhase;
			buildActionMask = 2147483647;
			files = (
			);
			inputFileListPaths = (
			);
			inputPaths = (
				"${PODS_PODFILE_DIR_PATH}/Podfile.lock",
				"${PODS_ROOT}/Manifest.lock",
			);
			name = "[CP] Check Pods Manifest.lock";
			outputFileListPaths = (
			);
			outputPaths = (
				"$(DERIVED_FILE_DIR)/Pods-OctavaTests-checkManifestLockResult.txt",
			);
			runOnlyForDeploymentPostprocessing = 0;
			shellPath = /bin/sh;
			shellScript = "diff \"${PODS_PODFILE_DIR_PATH}/Podfile.lock\" \"${PODS_ROOT}/Manifest.lock\" > /dev/null\nif [ $? != 0 ] ; then\n    # print error to STDERR\n    echo \"error: The sandbox is not in sync with the Podfile.lock. Run 'pod install' or update your CocoaPods installation.\" >&2\n    exit 1\nfi\n# This output is used by Xcode 'outputs' to avoid re-running this script phase.\necho \"SUCCESS\" > \"${SCRIPT_OUTPUT_FILE_0}\"\n";
			showEnvVarsInLog = 0;
		};
/* End PBXShellScriptBuildPhase section */

/* Begin PBXSourcesBuildPhase section */
		8D33ECA5225D4F88009E6FE2 /* Sources */ = {
			isa = PBXSourcesBuildPhase;
			buildActionMask = 2147483647;
			files = (
				8D33ECB5225D4F88009E6FE2 /* Octava.xcdatamodeld in Sources */,
				8D33ECAF225D4F88009E6FE2 /* ViewController.swift in Sources */,
				8D33ECAD225D4F88009E6FE2 /* AppDelegate.swift in Sources */,
			);
			runOnlyForDeploymentPostprocessing = 0;
		};
		8D33ECBC225D4F89009E6FE2 /* Sources */ = {
			isa = PBXSourcesBuildPhase;
			buildActionMask = 2147483647;
			files = (
				8D33ECC5225D4F89009E6FE2 /* OctavaTests.swift in Sources */,
			);
			runOnlyForDeploymentPostprocessing = 0;
		};
		8D33ECC7225D4F89009E6FE2 /* Sources */ = {
			isa = PBXSourcesBuildPhase;
			buildActionMask = 2147483647;
			files = (
				8D33ECD0225D4F89009E6FE2 /* OctavaUITests.swift in Sources */,
			);
			runOnlyForDeploymentPostprocessing = 0;
		};
/* End PBXSourcesBuildPhase section */

/* Begin PBXTargetDependency section */
		8D33ECC2225D4F89009E6FE2 /* PBXTargetDependency */ = {
			isa = PBXTargetDependency;
			target = 8D33ECA8225D4F88009E6FE2 /* Octava */;
			targetProxy = 8D33ECC1225D4F89009E6FE2 /* PBXContainerItemProxy */;
		};
		8D33ECCD225D4F89009E6FE2 /* PBXTargetDependency */ = {
			isa = PBXTargetDependency;
			target = 8D33ECA8225D4F88009E6FE2 /* Octava */;
			targetProxy = 8D33ECCC225D4F89009E6FE2 /* PBXContainerItemProxy */;
		};
/* End PBXTargetDependency section */

/* Begin XCBuildConfiguration section */
		8D33ECD2225D4F89009E6FE2 /* Debug */ = {
			isa = XCBuildConfiguration;
			buildSettings = {
				ALWAYS_SEARCH_USER_PATHS = NO;
				CLANG_ANALYZER_NONNULL = YES;
				CLANG_ANALYZER_NUMBER_OBJECT_CONVERSION = YES_AGGRESSIVE;
				CLANG_CXX_LANGUAGE_STANDARD = "gnu++14";
				CLANG_CXX_LIBRARY = "libc++";
				CLANG_ENABLE_MODULES = YES;
				CLANG_ENABLE_OBJC_ARC = YES;
				CLANG_ENABLE_OBJC_WEAK = YES;
				CLANG_WARN_BLOCK_CAPTURE_AUTORELEASING = YES;
				CLANG_WARN_BOOL_CONVERSION = YES;
				CLANG_WARN_COMMA = YES;
				CLANG_WARN_CONSTANT_CONVERSION = YES;
				CLANG_WARN_DEPRECATED_OBJC_IMPLEMENTATIONS = YES;
				CLANG_WARN_DIRECT_OBJC_ISA_USAGE = YES_ERROR;
				CLANG_WARN_DOCUMENTATION_COMMENTS = YES;
				CLANG_WARN_EMPTY_BODY = YES;
				CLANG_WARN_ENUM_CONVERSION = YES;
				CLANG_WARN_INFINITE_RECURSION = YES;
				CLANG_WARN_INT_CONVERSION = YES;
				CLANG_WARN_NON_LITERAL_NULL_CONVERSION = YES;
				CLANG_WARN_OBJC_IMPLICIT_RETAIN_SELF = YES;
				CLANG_WARN_OBJC_LITERAL_CONVERSION = YES;
				CLANG_WARN_OBJC_ROOT_CLASS = YES_ERROR;
				CLANG_WARN_RANGE_LOOP_ANALYSIS = YES;
				CLANG_WARN_STRICT_PROTOTYPES = YES;
				CLANG_WARN_SUSPICIOUS_MOVE = YES;
				CLANG_WARN_UNGUARDED_AVAILABILITY = YES_AGGRESSIVE;
				CLANG_WARN_UNREACHABLE_CODE = YES;
				CLANG_WARN__DUPLICATE_METHOD_MATCH = YES;
				CODE_SIGN_IDENTITY = "iPhone Developer";
				COPY_PHASE_STRIP = NO;
				DEBUG_INFORMATION_FORMAT = dwarf;
				ENABLE_STRICT_OBJC_MSGSEND = YES;
				ENABLE_TESTABILITY = YES;
				GCC_C_LANGUAGE_STANDARD = gnu11;
				GCC_DYNAMIC_NO_PIC = NO;
				GCC_NO_COMMON_BLOCKS = YES;
				GCC_OPTIMIZATION_LEVEL = 0;
				GCC_PREPROCESSOR_DEFINITIONS = (
					"DEBUG=1",
					"$(inherited)",
				);
				GCC_WARN_64_TO_32_BIT_CONVERSION = YES;
				GCC_WARN_ABOUT_RETURN_TYPE = YES_ERROR;
				GCC_WARN_UNDECLARED_SELECTOR = YES;
				GCC_WARN_UNINITIALIZED_AUTOS = YES_AGGRESSIVE;
				GCC_WARN_UNUSED_FUNCTION = YES;
				GCC_WARN_UNUSED_VARIABLE = YES;
				IPHONEOS_DEPLOYMENT_TARGET = 12.2;
				MTL_ENABLE_DEBUG_INFO = INCLUDE_SOURCE;
				MTL_FAST_MATH = YES;
				ONLY_ACTIVE_ARCH = YES;
				SDKROOT = iphoneos;
				SWIFT_ACTIVE_COMPILATION_CONDITIONS = DEBUG;
				SWIFT_OPTIMIZATION_LEVEL = "-Onone";
			};
			name = Debug;
		};
		8D33ECD3225D4F89009E6FE2 /* Release */ = {
			isa = XCBuildConfiguration;
			buildSettings = {
				ALWAYS_SEARCH_USER_PATHS = NO;
				CLANG_ANALYZER_NONNULL = YES;
				CLANG_ANALYZER_NUMBER_OBJECT_CONVERSION = YES_AGGRESSIVE;
				CLANG_CXX_LANGUAGE_STANDARD = "gnu++14";
				CLANG_CXX_LIBRARY = "libc++";
				CLANG_ENABLE_MODULES = YES;
				CLANG_ENABLE_OBJC_ARC = YES;
				CLANG_ENABLE_OBJC_WEAK = YES;
				CLANG_WARN_BLOCK_CAPTURE_AUTORELEASING = YES;
				CLANG_WARN_BOOL_CONVERSION = YES;
				CLANG_WARN_COMMA = YES;
				CLANG_WARN_CONSTANT_CONVERSION = YES;
				CLANG_WARN_DEPRECATED_OBJC_IMPLEMENTATIONS = YES;
				CLANG_WARN_DIRECT_OBJC_ISA_USAGE = YES_ERROR;
				CLANG_WARN_DOCUMENTATION_COMMENTS = YES;
				CLANG_WARN_EMPTY_BODY = YES;
				CLANG_WARN_ENUM_CONVERSION = YES;
				CLANG_WARN_INFINITE_RECURSION = YES;
				CLANG_WARN_INT_CONVERSION = YES;
				CLANG_WARN_NON_LITERAL_NULL_CONVERSION = YES;
				CLANG_WARN_OBJC_IMPLICIT_RETAIN_SELF = YES;
				CLANG_WARN_OBJC_LITERAL_CONVERSION = YES;
				CLANG_WARN_OBJC_ROOT_CLASS = YES_ERROR;
				CLANG_WARN_RANGE_LOOP_ANALYSIS = YES;
				CLANG_WARN_STRICT_PROTOTYPES = YES;
				CLANG_WARN_SUSPICIOUS_MOVE = YES;
				CLANG_WARN_UNGUARDED_AVAILABILITY = YES_AGGRESSIVE;
				CLANG_WARN_UNREACHABLE_CODE = YES;
				CLANG_WARN__DUPLICATE_METHOD_MATCH = YES;
				CODE_SIGN_IDENTITY = "iPhone Developer";
				COPY_PHASE_STRIP = NO;
				DEBUG_INFORMATION_FORMAT = "dwarf-with-dsym";
				ENABLE_NS_ASSERTIONS = NO;
				ENABLE_STRICT_OBJC_MSGSEND = YES;
				GCC_C_LANGUAGE_STANDARD = gnu11;
				GCC_NO_COMMON_BLOCKS = YES;
				GCC_WARN_64_TO_32_BIT_CONVERSION = YES;
				GCC_WARN_ABOUT_RETURN_TYPE = YES_ERROR;
				GCC_WARN_UNDECLARED_SELECTOR = YES;
				GCC_WARN_UNINITIALIZED_AUTOS = YES_AGGRESSIVE;
				GCC_WARN_UNUSED_FUNCTION = YES;
				GCC_WARN_UNUSED_VARIABLE = YES;
				IPHONEOS_DEPLOYMENT_TARGET = 12.2;
				MTL_ENABLE_DEBUG_INFO = NO;
				MTL_FAST_MATH = YES;
				SDKROOT = iphoneos;
				SWIFT_COMPILATION_MODE = wholemodule;
				SWIFT_OPTIMIZATION_LEVEL = "-O";
				VALIDATE_PRODUCT = YES;
			};
			name = Release;
		};
		8D33ECD5225D4F89009E6FE2 /* Debug */ = {
			isa = XCBuildConfiguration;
			baseConfigurationReference = 8203293BC7C9345C288C8E42 /* Pods-Octava.debug.xcconfig */;
			buildSettings = {
				ASSETCATALOG_COMPILER_APPICON_NAME = AppIcon;
				CODE_SIGN_ENTITLEMENTS = Octava/Octava.entitlements;
				CODE_SIGN_STYLE = Automatic;
				DEVELOPMENT_TEAM = 668S36TB6E;
				INFOPLIST_FILE = Octava/Info.plist;
				LD_RUNPATH_SEARCH_PATHS = (
					"$(inherited)",
					"@executable_path/Frameworks",
				);
				PRODUCT_BUNDLE_IDENTIFIER = CLS.Octava;
				PRODUCT_NAME = "$(TARGET_NAME)";
				SWIFT_VERSION = 5.0;
				TARGETED_DEVICE_FAMILY = "1,2";
			};
			name = Debug;
		};
		8D33ECD6225D4F89009E6FE2 /* Release */ = {
			isa = XCBuildConfiguration;
			baseConfigurationReference = F8D155A323ACD477900F1BFB /* Pods-Octava.release.xcconfig */;
			buildSettings = {
				ASSETCATALOG_COMPILER_APPICON_NAME = AppIcon;
				CODE_SIGN_ENTITLEMENTS = Octava/Octava.entitlements;
				CODE_SIGN_STYLE = Automatic;
				DEVELOPMENT_TEAM = 668S36TB6E;
				INFOPLIST_FILE = Octava/Info.plist;
				LD_RUNPATH_SEARCH_PATHS = (
					"$(inherited)",
					"@executable_path/Frameworks",
				);
				PRODUCT_BUNDLE_IDENTIFIER = CLS.Octava;
				PRODUCT_NAME = "$(TARGET_NAME)";
				SWIFT_VERSION = 5.0;
				TARGETED_DEVICE_FAMILY = "1,2";
			};
			name = Release;
		};
		8D33ECD8225D4F89009E6FE2 /* Debug */ = {
			isa = XCBuildConfiguration;
			baseConfigurationReference = 3E5EB0BAE2E94476E9BC1AF9 /* Pods-OctavaTests.debug.xcconfig */;
			buildSettings = {
				ALWAYS_EMBED_SWIFT_STANDARD_LIBRARIES = YES;
				BUNDLE_LOADER = "$(TEST_HOST)";
				CODE_SIGN_STYLE = Automatic;
				DEVELOPMENT_TEAM = 668S36TB6E;
				INFOPLIST_FILE = OctavaTests/Info.plist;
				LD_RUNPATH_SEARCH_PATHS = (
					"$(inherited)",
					"@executable_path/Frameworks",
					"@loader_path/Frameworks",
				);
				PRODUCT_BUNDLE_IDENTIFIER = CLS.OctavaTests;
				PRODUCT_NAME = "$(TARGET_NAME)";
				SWIFT_VERSION = 5.0;
				TARGETED_DEVICE_FAMILY = "1,2";
				TEST_HOST = "$(BUILT_PRODUCTS_DIR)/Octava.app/Octava";
			};
			name = Debug;
		};
		8D33ECD9225D4F89009E6FE2 /* Release */ = {
			isa = XCBuildConfiguration;
			baseConfigurationReference = E81B938C115162CE80C63698 /* Pods-OctavaTests.release.xcconfig */;
			buildSettings = {
				ALWAYS_EMBED_SWIFT_STANDARD_LIBRARIES = YES;
				BUNDLE_LOADER = "$(TEST_HOST)";
				CODE_SIGN_STYLE = Automatic;
				DEVELOPMENT_TEAM = 668S36TB6E;
				INFOPLIST_FILE = OctavaTests/Info.plist;
				LD_RUNPATH_SEARCH_PATHS = (
					"$(inherited)",
					"@executable_path/Frameworks",
					"@loader_path/Frameworks",
				);
				PRODUCT_BUNDLE_IDENTIFIER = CLS.OctavaTests;
				PRODUCT_NAME = "$(TARGET_NAME)";
				SWIFT_VERSION = 5.0;
				TARGETED_DEVICE_FAMILY = "1,2";
				TEST_HOST = "$(BUILT_PRODUCTS_DIR)/Octava.app/Octava";
			};
			name = Release;
		};
		8D33ECDB225D4F89009E6FE2 /* Debug */ = {
			isa = XCBuildConfiguration;
			baseConfigurationReference = EBF4278094E0F386AD492D0B /* Pods-OctavaUITests.debug.xcconfig */;
			buildSettings = {
				ALWAYS_EMBED_SWIFT_STANDARD_LIBRARIES = YES;
				CODE_SIGN_STYLE = Automatic;
				DEVELOPMENT_TEAM = 668S36TB6E;
				INFOPLIST_FILE = OctavaUITests/Info.plist;
				LD_RUNPATH_SEARCH_PATHS = (
					"$(inherited)",
					"@executable_path/Frameworks",
					"@loader_path/Frameworks",
				);
				PRODUCT_BUNDLE_IDENTIFIER = CLS.OctavaUITests;
				PRODUCT_NAME = "$(TARGET_NAME)";
				SWIFT_VERSION = 5.0;
				TARGETED_DEVICE_FAMILY = "1,2";
				TEST_TARGET_NAME = Octava;
			};
			name = Debug;
		};
		8D33ECDC225D4F89009E6FE2 /* Release */ = {
			isa = XCBuildConfiguration;
			baseConfigurationReference = E2D0295C6271502F4C966495 /* Pods-OctavaUITests.release.xcconfig */;
			buildSettings = {
				ALWAYS_EMBED_SWIFT_STANDARD_LIBRARIES = YES;
				CODE_SIGN_STYLE = Automatic;
				DEVELOPMENT_TEAM = 668S36TB6E;
				INFOPLIST_FILE = OctavaUITests/Info.plist;
				LD_RUNPATH_SEARCH_PATHS = (
					"$(inherited)",
					"@executable_path/Frameworks",
					"@loader_path/Frameworks",
				);
				PRODUCT_BUNDLE_IDENTIFIER = CLS.OctavaUITests;
				PRODUCT_NAME = "$(TARGET_NAME)";
				SWIFT_VERSION = 5.0;
				TARGETED_DEVICE_FAMILY = "1,2";
				TEST_TARGET_NAME = Octava;
			};
			name = Release;
		};
/* End XCBuildConfiguration section */

/* Begin XCConfigurationList section */
		8D33ECA4225D4F88009E6FE2 /* Build configuration list for PBXProject "Octava" */ = {
			isa = XCConfigurationList;
			buildConfigurations = (
				8D33ECD2225D4F89009E6FE2 /* Debug */,
				8D33ECD3225D4F89009E6FE2 /* Release */,
			);
			defaultConfigurationIsVisible = 0;
			defaultConfigurationName = Release;
		};
		8D33ECD4225D4F89009E6FE2 /* Build configuration list for PBXNativeTarget "Octava" */ = {
			isa = XCConfigurationList;
			buildConfigurations = (
				8D33ECD5225D4F89009E6FE2 /* Debug */,
				8D33ECD6225D4F89009E6FE2 /* Release */,
			);
			defaultConfigurationIsVisible = 0;
			defaultConfigurationName = Release;
		};
		8D33ECD7225D4F89009E6FE2 /* Build configuration list for PBXNativeTarget "OctavaTests" */ = {
			isa = XCConfigurationList;
			buildConfigurations = (
				8D33ECD8225D4F89009E6FE2 /* Debug */,
				8D33ECD9225D4F89009E6FE2 /* Release */,
			);
			defaultConfigurationIsVisible = 0;
			defaultConfigurationName = Release;
		};
		8D33ECDA225D4F89009E6FE2 /* Build configuration list for PBXNativeTarget "OctavaUITests" */ = {
			isa = XCConfigurationList;
			buildConfigurations = (
				8D33ECDB225D4F89009E6FE2 /* Debug */,
				8D33ECDC225D4F89009E6FE2 /* Release */,
			);
			defaultConfigurationIsVisible = 0;
			defaultConfigurationName = Release;
		};
/* End XCConfigurationList section */

/* Begin XCVersionGroup section */
		8D33ECB3225D4F88009E6FE2 /* Octava.xcdatamodeld */ = {
			isa = XCVersionGroup;
			children = (
				8D33ECB4225D4F88009E6FE2 /* Octava.xcdatamodel */,
			);
			currentVersion = 8D33ECB4225D4F88009E6FE2 /* Octava.xcdatamodel */;
			path = Octava.xcdatamodeld;
			sourceTree = "<group>";
			versionGroupType = wrapper.xcdatamodel;
		};
/* End XCVersionGroup section */
	};
	rootObject = 8D33ECA1225D4F88009E6FE2 /* Project object */;
}
